
Microsoft Visual Studio Solution File, Format Version 12.00
# Visual Studio Version 16
VisualStudioVersion = 16.0.29609.76
MinimumVisualStudioVersion = 10.0.40219.1
Project("{9A19103F-16F7-4668-BE54-9A1E7A4F7556}") = "MessageConsumerService", "MessageConsumerService\MessageConsumerService.csproj", "{2720F2F3-A26B-4462-A489-4DBCCF4C17BB}"
EndProject
Project("{2150E333-8FDC-42A3-9474-1A3956D46DE8}") = "Input", "Input", "{D7F30CD6-B0B3-42E7-A4B1-6513FF022ED3}"
EndProject
Project("{2150E333-8FDC-42A3-9474-1A3956D46DE8}") = "Tests", "Tests", "{F9CFA9B3-6165-4EE8-B41E-47A3F6A3AEDD}"
EndProject
Project("{9A19103F-16F7-4668-BE54-9A1E7A4F7556}") = "ServiceBusConsumer", "ServiceBusConsumer\ServiceBusConsumer.csproj", "{822DD849-3486-4E94-85E5-523FBCFCDDC8}"
EndProject
Project("{9A19103F-16F7-4668-BE54-9A1E7A4F7556}") = "InputContracts", "InputContracts\InputContracts.csproj", "{0BC3EAE7-630A-4256-A937-6CFEB24F34FA}"
EndProject
Project("{2150E333-8FDC-42A3-9474-1A3956D46DE8}") = "Application", "Application", "{F7BFBC79-C17F-4543-8023-34FDDC187D89}"
EndProject
Project("{2150E333-8FDC-42A3-9474-1A3956D46DE8}") = "Repositories", "Repositories", "{8FA1AC3A-1DE5-45F7-A2D1-BA1E3A1A996C}"
EndProject
Project("{9A19103F-16F7-4668-BE54-9A1E7A4F7556}") = "RepositoryContracts", "RepositoryContracts\RepositoryContracts.csproj", "{4C0133F7-D2A7-40DA-9CC6-83EBFFD0F4AD}"
EndProject
Project("{9A19103F-16F7-4668-BE54-9A1E7A4F7556}") = "SqlServerRepositories", "SqlServerRepositories\SqlServerRepositories.csproj", "{B1F1A843-D671-4CF2-A441-9BFC5311BF90}"
EndProject
Project("{9A19103F-16F7-4668-BE54-9A1E7A4F7556}") = "LiveDemo", "LiveDemo\LiveDemo.csproj", "{D025B2F5-32EA-44C1-BED1-89B8281A1CCF}"
EndProject
Project("{2150E333-8FDC-42A3-9474-1A3956D46DE8}") = "Logic", "Logic", "{EC3E4DD7-20F5-468F-87C5-021FD0AD1FC2}"
EndProject
Project("{9A19103F-16F7-4668-BE54-9A1E7A4F7556}") = "MessageHandling", "MessageHandling\MessageHandling.csproj", "{8543260F-8219-4966-B8A1-CA2A7A593510}"
EndProject
Project("{2150E333-8FDC-42A3-9474-1A3956D46DE8}") = "DomainModel", "DomainModel", "{048D88AF-5F9D-4DE5-8EE7-FA7D572ED96E}"
EndProject
Project("{9A19103F-16F7-4668-BE54-9A1E7A4F7556}") = "DomainModel", "DomainModel\DomainModel.csproj", "{76041549-C8CF-45C7-939C-02935EA6E176}"
EndProject
Project("{FAE04EC0-301F-11D3-BF4B-00C04F79EFBC}") = "IntegrationTests", "IntegrationTests\IntegrationTests.csproj", "{77C155F9-CD8B-4C52-BAE0-3E42FC4BC36D}"
EndProject
Global
	GlobalSection(SolutionConfigurationPlatforms) = preSolution
		Debug|Any CPU = Debug|Any CPU
		Release|Any CPU = Release|Any CPU
	EndGlobalSection
	GlobalSection(ProjectConfigurationPlatforms) = postSolution
		{2720F2F3-A26B-4462-A489-4DBCCF4C17BB}.Debug|Any CPU.ActiveCfg = Debug|Any CPU
		{2720F2F3-A26B-4462-A489-4DBCCF4C17BB}.Debug|Any CPU.Build.0 = Debug|Any CPU
		{2720F2F3-A26B-4462-A489-4DBCCF4C17BB}.Release|Any CPU.ActiveCfg = Release|Any CPU
		{2720F2F3-A26B-4462-A489-4DBCCF4C17BB}.Release|Any CPU.Build.0 = Release|Any CPU
		{822DD849-3486-4E94-85E5-523FBCFCDDC8}.Debug|Any CPU.ActiveCfg = Debug|Any CPU
		{822DD849-3486-4E94-85E5-523FBCFCDDC8}.Debug|Any CPU.Build.0 = Debug|Any CPU
		{822DD849-3486-4E94-85E5-523FBCFCDDC8}.Release|Any CPU.ActiveCfg = Release|Any CPU
		{822DD849-3486-4E94-85E5-523FBCFCDDC8}.Release|Any CPU.Build.0 = Release|Any CPU
		{0BC3EAE7-630A-4256-A937-6CFEB24F34FA}.Debug|Any CPU.ActiveCfg = Debug|Any CPU
		{0BC3EAE7-630A-4256-A937-6CFEB24F34FA}.Debug|Any CPU.Build.0 = Debug|Any CPU
		{0BC3EAE7-630A-4256-A937-6CFEB24F34FA}.Release|Any CPU.ActiveCfg = Release|Any CPU
		{0BC3EAE7-630A-4256-A937-6CFEB24F34FA}.Release|Any CPU.Build.0 = Release|Any CPU
		{4C0133F7-D2A7-40DA-9CC6-83EBFFD0F4AD}.Debug|Any CPU.ActiveCfg = Debug|Any CPU
		{4C0133F7-D2A7-40DA-9CC6-83EBFFD0F4AD}.Debug|Any CPU.Build.0 = Debug|Any CPU
		{4C0133F7-D2A7-40DA-9CC6-83EBFFD0F4AD}.Release|Any CPU.ActiveCfg = Release|Any CPU
		{4C0133F7-D2A7-40DA-9CC6-83EBFFD0F4AD}.Release|Any CPU.Build.0 = Release|Any CPU
		{B1F1A843-D671-4CF2-A441-9BFC5311BF90}.Debug|Any CPU.ActiveCfg = Debug|Any CPU
		{B1F1A843-D671-4CF2-A441-9BFC5311BF90}.Debug|Any CPU.Build.0 = Debug|Any CPU
		{B1F1A843-D671-4CF2-A441-9BFC5311BF90}.Release|Any CPU.ActiveCfg = Release|Any CPU
		{B1F1A843-D671-4CF2-A441-9BFC5311BF90}.Release|Any CPU.Build.0 = Release|Any CPU
		{D025B2F5-32EA-44C1-BED1-89B8281A1CCF}.Debug|Any CPU.ActiveCfg = Debug|Any CPU
		{D025B2F5-32EA-44C1-BED1-89B8281A1CCF}.Debug|Any CPU.Build.0 = Debug|Any CPU
		{D025B2F5-32EA-44C1-BED1-89B8281A1CCF}.Release|Any CPU.ActiveCfg = Release|Any CPU
		{D025B2F5-32EA-44C1-BED1-89B8281A1CCF}.Release|Any CPU.Build.0 = Release|Any CPU
		{8543260F-8219-4966-B8A1-CA2A7A593510}.Debug|Any CPU.ActiveCfg = Debug|Any CPU
		{8543260F-8219-4966-B8A1-CA2A7A593510}.Debug|Any CPU.Build.0 = Debug|Any CPU
		{8543260F-8219-4966-B8A1-CA2A7A593510}.Release|Any CPU.ActiveCfg = Release|Any CPU
		{8543260F-8219-4966-B8A1-CA2A7A593510}.Release|Any CPU.Build.0 = Release|Any CPU
		{76041549-C8CF-45C7-939C-02935EA6E176}.Debug|Any CPU.ActiveCfg = Debug|Any CPU
		{76041549-C8CF-45C7-939C-02935EA6E176}.Debug|Any CPU.Build.0 = Debug|Any CPU
		{76041549-C8CF-45C7-939C-02935EA6E176}.Release|Any CPU.ActiveCfg = Release|Any CPU
		{76041549-C8CF-45C7-939C-02935EA6E176}.Release|Any CPU.Build.0 = Release|Any CPU
		{77C155F9-CD8B-4C52-BAE0-3E42FC4BC36D}.Debug|Any CPU.ActiveCfg = Debug|Any CPU
		{77C155F9-CD8B-4C52-BAE0-3E42FC4BC36D}.Debug|Any CPU.Build.0 = Debug|Any CPU
		{77C155F9-CD8B-4C52-BAE0-3E42FC4BC36D}.Release|Any CPU.ActiveCfg = Release|Any CPU
		{77C155F9-CD8B-4C52-BAE0-3E42FC4BC36D}.Release|Any CPU.Build.0 = Release|Any CPU
	EndGlobalSection
	GlobalSection(SolutionProperties) = preSolution
		HideSolutionNode = FALSE
	EndGlobalSection
	GlobalSection(NestedProjects) = preSolution
		{2720F2F3-A26B-4462-A489-4DBCCF4C17BB} = {F7BFBC79-C17F-4543-8023-34FDDC187D89}
		{822DD849-3486-4E94-85E5-523FBCFCDDC8} = {D7F30CD6-B0B3-42E7-A4B1-6513FF022ED3}
		{0BC3EAE7-630A-4256-A937-6CFEB24F34FA} = {D7F30CD6-B0B3-42E7-A4B1-6513FF022ED3}
		{4C0133F7-D2A7-40DA-9CC6-83EBFFD0F4AD} = {8FA1AC3A-1DE5-45F7-A2D1-BA1E3A1A996C}
		{B1F1A843-D671-4CF2-A441-9BFC5311BF90} = {8FA1AC3A-1DE5-45F7-A2D1-BA1E3A1A996C}
		{D025B2F5-32EA-44C1-BED1-89B8281A1CCF} = {F7BFBC79-C17F-4543-8023-34FDDC187D89}
		{8543260F-8219-4966-B8A1-CA2A7A593510} = {EC3E4DD7-20F5-468F-87C5-021FD0AD1FC2}
		{76041549-C8CF-45C7-939C-02935EA6E176} = {048D88AF-5F9D-4DE5-8EE7-FA7D572ED96E}
		{77C155F9-CD8B-4C52-BAE0-3E42FC4BC36D} = {F9CFA9B3-6165-4EE8-B41E-47A3F6A3AEDD}
	EndGlobalSection
	GlobalSection(ExtensibilityGlobals) = postSolution
		SolutionGuid = {DC565436-E9AA-4998-8A2F-90C142B8851C}
	EndGlobalSection
EndGlobal
